
Microsoft Visual Studio Solution File, Format Version 11.00
# Visual Studio 2010
Project("{FAE04EC0-301F-11D3-BF4B-00C04F79EFBC}") = "xorNet", "xorNet\xorNet.csproj", "{C8D600DC-28D3-40B2-AED9-B32256606271}"
EndProject
Global
	GlobalSection(SolutionConfigurationPlatforms) = preSolution
		Debug|x86 = Debug|x86
		Release|x86 = Release|x86
	EndGlobalSection
	GlobalSection(ProjectConfigurationPlatforms) = postSolution
		{C8D600DC-28D3-40B2-AED9-B32256606271}.Debug|x86.ActiveCfg = Debug|x86
		{C8D600DC-28D3-40B2-AED9-B32256606271}.Debug|x86.Build.0 = Debug|x86
		{C8D600DC-28D3-40B2-AED9-B32256606271}.Release|x86.ActiveCfg = Release|x86
		{C8D600DC-28D3-40B2-AED9-B32256606271}.Release|x86.Build.0 = Release|x86
	EndGlobalSection
	GlobalSection(SolutionProperties) = preSolution
		HideSolutionNode = FALSE
	EndGlobalSection
EndGlobal
